// !$*UTF8*$!
{
	archiveVersion = 1;
	classes = {
	};
	objectVersion = 55;
	objects = {

/* Begin PBXBuildFile section */
		CE87470F2CC078A50063063E /* AppDelegate.swift in Sources */ = {isa = PBXBuildFile; fileRef = CE87470E2CC078A50063063E /* AppDelegate.swift */; };
		CE8747112CC078A50063063E /* SceneDelegate.swift in Sources */ = {isa = PBXBuildFile; fileRef = CE8747102CC078A50063063E /* SceneDelegate.swift */; };
		CE8747132CC078A50063063E /* IniciarSesionViewController.swift in Sources */ = {isa = PBXBuildFile; fileRef = CE8747122CC078A50063063E /* IniciarSesionViewController.swift */; };
		CE8747162CC078A50063063E /* Main.storyboard in Resources */ = {isa = PBXBuildFile; fileRef = CE8747142CC078A50063063E /* Main.storyboard */; };
		CE8747192CC078A50063063E /* LupoSnapchat.xcdatamodeld in Sources */ = {isa = PBXBuildFile; fileRef = CE8747172CC078A50063063E /* LupoSnapchat.xcdatamodeld */; };
		CE87471B2CC078A70063063E /* Assets.xcassets in Resources */ = {isa = PBXBuildFile; fileRef = CE87471A2CC078A70063063E /* Assets.xcassets */; };
		CE87471E2CC078A70063063E /* LaunchScreen.storyboard in Resources */ = {isa = PBXBuildFile; fileRef = CE87471C2CC078A70063063E /* LaunchScreen.storyboard */; };
		CE8747292CC07FE70063063E /* FirebaseAnalytics in Frameworks */ = {isa = PBXBuildFile; productRef = CE8747282CC07FE70063063E /* FirebaseAnalytics */; };
		CE87472B2CC07FE70063063E /* FirebaseAnalyticsWithoutAdIdSupport in Frameworks */ = {isa = PBXBuildFile; productRef = CE87472A2CC07FE70063063E /* FirebaseAnalyticsWithoutAdIdSupport */; };
		CE87472D2CC07FE70063063E /* FirebaseAuth in Frameworks */ = {isa = PBXBuildFile; productRef = CE87472C2CC07FE70063063E /* FirebaseAuth */; };
		CE87472F2CC07FE70063063E /* FirebaseDatabase in Frameworks */ = {isa = PBXBuildFile; productRef = CE87472E2CC07FE70063063E /* FirebaseDatabase */; };
		CE8747312CC07FE70063063E /* FirebaseStorage in Frameworks */ = {isa = PBXBuildFile; productRef = CE8747302CC07FE70063063E /* FirebaseStorage */; };
		CE8747342CC08D6C0063063E /* GoogleSignIn in Frameworks */ = {isa = PBXBuildFile; productRef = CE8747332CC08D6C0063063E /* GoogleSignIn */; };
		CE8747362CC08D6C0063063E /* GoogleSignInSwift in Frameworks */ = {isa = PBXBuildFile; productRef = CE8747352CC08D6C0063063E /* GoogleSignInSwift */; };
		CE8747382CC08EC40063063E /* GoogleService-Info.plist in Resources */ = {isa = PBXBuildFile; fileRef = CE8747372CC08EC40063063E /* GoogleService-Info.plist */; };
/* End PBXBuildFile section */

/* Begin PBXFileReference section */
		CE87470B2CC078A50063063E /* LupoSnapchat.app */ = {isa = PBXFileReference; explicitFileType = wrapper.application; includeInIndex = 0; path = LupoSnapchat.app; sourceTree = BUILT_PRODUCTS_DIR; };
		CE87470E2CC078A50063063E /* AppDelegate.swift */ = {isa = PBXFileReference; lastKnownFileType = sourcecode.swift; path = AppDelegate.swift; sourceTree = "<group>"; };
		CE8747102CC078A50063063E /* SceneDelegate.swift */ = {isa = PBXFileReference; lastKnownFileType = sourcecode.swift; path = SceneDelegate.swift; sourceTree = "<group>"; };
		CE8747122CC078A50063063E /* IniciarSesionViewController.swift */ = {isa = PBXFileReference; lastKnownFileType = sourcecode.swift; path = IniciarSesionViewController.swift; sourceTree = "<group>"; };
		CE8747152CC078A50063063E /* Base */ = {isa = PBXFileReference; lastKnownFileType = file.storyboard; name = Base; path = Base.lproj/Main.storyboard; sourceTree = "<group>"; };
		CE8747182CC078A50063063E /* LupoSnapchat.xcdatamodel */ = {isa = PBXFileReference; lastKnownFileType = wrapper.xcdatamodel; path = LupoSnapchat.xcdatamodel; sourceTree = "<group>"; };
		CE87471A2CC078A70063063E /* Assets.xcassets */ = {isa = PBXFileReference; lastKnownFileType = folder.assetcatalog; path = Assets.xcassets; sourceTree = "<group>"; };
		CE87471D2CC078A70063063E /* Base */ = {isa = PBXFileReference; lastKnownFileType = file.storyboard; name = Base; path = Base.lproj/LaunchScreen.storyboard; sourceTree = "<group>"; };
		CE87471F2CC078A70063063E /* Info.plist */ = {isa = PBXFileReference; lastKnownFileType = text.plist.xml; path = Info.plist; sourceTree = "<group>"; };
		CE8747372CC08EC40063063E /* GoogleService-Info.plist */ = {isa = PBXFileReference; fileEncoding = 4; lastKnownFileType = text.plist.xml; path = "GoogleService-Info.plist"; sourceTree = "<group>"; };
/* End PBXFileReference section */

/* Begin PBXFrameworksBuildPhase section */
		CE8747082CC078A50063063E /* Frameworks */ = {
			isa = PBXFrameworksBuildPhase;
			buildActionMask = 2147483647;
			files = (
				CE8747292CC07FE70063063E /* FirebaseAnalytics in Frameworks */,
				CE87472D2CC07FE70063063E /* FirebaseAuth in Frameworks */,
				CE8747362CC08D6C0063063E /* GoogleSignInSwift in Frameworks */,
				CE87472F2CC07FE70063063E /* FirebaseDatabase in Frameworks */,
				CE8747312CC07FE70063063E /* FirebaseStorage in Frameworks */,
				CE87472B2CC07FE70063063E /* FirebaseAnalyticsWithoutAdIdSupport in Frameworks */,
				CE8747342CC08D6C0063063E /* GoogleSignIn in Frameworks */,
			);
			runOnlyForDeploymentPostprocessing = 0;
		};
/* End PBXFrameworksBuildPhase section */

/* Begin PBXGroup section */
		CE8747022CC078A40063063E = {
			isa = PBXGroup;
			children = (
				CE87470D2CC078A50063063E /* LupoSnapchat */,
				CE87470C2CC078A50063063E /* Products */,
			);
			sourceTree = "<group>";
		};
		CE87470C2CC078A50063063E /* Products */ = {
			isa = PBXGroup;
			children = (
				CE87470B2CC078A50063063E /* LupoSnapchat.app */,
			);
			name = Products;
			sourceTree = "<group>";
		};
		CE87470D2CC078A50063063E /* LupoSnapchat */ = {
			isa = PBXGroup;
			children = (
				CE87470E2CC078A50063063E /* AppDelegate.swift */,
				CE8747102CC078A50063063E /* SceneDelegate.swift */,
				CE8747122CC078A50063063E /* IniciarSesionViewController.swift */,
				CE8747142CC078A50063063E /* Main.storyboard */,
				CE8747372CC08EC40063063E /* GoogleService-Info.plist */,
				CE87471A2CC078A70063063E /* Assets.xcassets */,
				CE87471C2CC078A70063063E /* LaunchScreen.storyboard */,
				CE87471F2CC078A70063063E /* Info.plist */,
				CE8747172CC078A50063063E /* LupoSnapchat.xcdatamodeld */,
			);
			path = LupoSnapchat;
			sourceTree = "<group>";
		};
/* End PBXGroup section */

/* Begin PBXNativeTarget section */
		CE87470A2CC078A50063063E /* LupoSnapchat */ = {
			isa = PBXNativeTarget;
			buildConfigurationList = CE8747222CC078A70063063E /* Build configuration list for PBXNativeTarget "LupoSnapchat" */;
			buildPhases = (
				CE8747072CC078A50063063E /* Sources */,
				CE8747082CC078A50063063E /* Frameworks */,
				CE8747092CC078A50063063E /* Resources */,
			);
			buildRules = (
			);
			dependencies = (
			);
			name = LupoSnapchat;
			packageProductDependencies = (
				CE8747282CC07FE70063063E /* FirebaseAnalytics */,
				CE87472A2CC07FE70063063E /* FirebaseAnalyticsWithoutAdIdSupport */,
				CE87472C2CC07FE70063063E /* FirebaseAuth */,
				CE87472E2CC07FE70063063E /* FirebaseDatabase */,
				CE8747302CC07FE70063063E /* FirebaseStorage */,
				CE8747332CC08D6C0063063E /* GoogleSignIn */,
				CE8747352CC08D6C0063063E /* GoogleSignInSwift */,
			);
			productName = LupoSnapchat;
			productReference = CE87470B2CC078A50063063E /* LupoSnapchat.app */;
			productType = "com.apple.product-type.application";
		};
/* End PBXNativeTarget section */

/* Begin PBXProject section */
		CE8747032CC078A40063063E /* Project object */ = {
			isa = PBXProject;
			attributes = {
				BuildIndependentTargetsInParallel = 1;
				LastSwiftUpdateCheck = 1340;
				LastUpgradeCheck = 1340;
				TargetAttributes = {
					CE87470A2CC078A50063063E = {
						CreatedOnToolsVersion = 13.4.1;
					};
				};
			};
			buildConfigurationList = CE8747062CC078A40063063E /* Build configuration list for PBXProject "LupoSnapchat" */;
			compatibilityVersion = "Xcode 13.0";
			developmentRegion = en;
			hasScannedForEncodings = 0;
			knownRegions = (
				en,
				Base,
			);
			mainGroup = CE8747022CC078A40063063E;
			packageReferences = (
				CE8747272CC07FE70063063E /* XCRemoteSwiftPackageReference "firebase-ios-sdk" */,
				CE8747322CC08D6B0063063E /* XCRemoteSwiftPackageReference "GoogleSignIn-iOS" */,
			);
			productRefGroup = CE87470C2CC078A50063063E /* Products */;
			projectDirPath = "";
			projectRoot = "";
			targets = (
				CE87470A2CC078A50063063E /* LupoSnapchat */,
			);
		};
/* End PBXProject section */

/* Begin PBXResourcesBuildPhase section */
		CE8747092CC078A50063063E /* Resources */ = {
			isa = PBXResourcesBuildPhase;
			buildActionMask = 2147483647;
			files = (
				CE87471E2CC078A70063063E /* LaunchScreen.storyboard in Resources */,
				CE8747382CC08EC40063063E /* GoogleService-Info.plist in Resources */,
				CE87471B2CC078A70063063E /* Assets.xcassets in Resources */,
				CE8747162CC078A50063063E /* Main.storyboard in Resources */,
			);
			runOnlyForDeploymentPostprocessing = 0;
		};
/* End PBXResourcesBuildPhase section */

/* Begin PBXSourcesBuildPhase section */
		CE8747072CC078A50063063E /* Sources */ = {
			isa = PBXSourcesBuildPhase;
			buildActionMask = 2147483647;
			files = (
				CE8747132CC078A50063063E /* IniciarSesionViewController.swift in Sources */,
				CE87470F2CC078A50063063E /* AppDelegate.swift in Sources */,
				CE8747112CC078A50063063E /* SceneDelegate.swift in Sources */,
				CE8747192CC078A50063063E /* LupoSnapchat.xcdatamodeld in Sources */,
			);
			runOnlyForDeploymentPostprocessing = 0;
		};
/* End PBXSourcesBuildPhase section */

/* Begin PBXVariantGroup section */
		CE8747142CC078A50063063E /* Main.storyboard */ = {
			isa = PBXVariantGroup;
			children = (
				CE8747152CC078A50063063E /* Base */,
			);
			name = Main.storyboard;
			sourceTree = "<group>";
		};
		CE87471C2CC078A70063063E /* LaunchScreen.storyboard */ = {
			isa = PBXVariantGroup;
			children = (
				CE87471D2CC078A70063063E /* Base */,
			);
			name = LaunchScreen.storyboard;
			sourceTree = "<group>";
		};
/* End PBXVariantGroup section */

/* Begin XCBuildConfiguration section */
		CE8747202CC078A70063063E /* Debug */ = {
			isa = XCBuildConfiguration;
			buildSettings = {
				ALWAYS_SEARCH_USER_PATHS = NO;
				CLANG_ANALYZER_NONNULL = YES;
				CLANG_ANALYZER_NUMBER_OBJECT_CONVERSION = YES_AGGRESSIVE;
				CLANG_CXX_LANGUAGE_STANDARD = "gnu++17";
				CLANG_ENABLE_MODULES = YES;
				CLANG_ENABLE_OBJC_ARC = YES;
				CLANG_ENABLE_OBJC_WEAK = YES;
				CLANG_WARN_BLOCK_CAPTURE_AUTORELEASING = YES;
				CLANG_WARN_BOOL_CONVERSION = YES;
				CLANG_WARN_COMMA = YES;
				CLANG_WARN_CONSTANT_CONVERSION = YES;
				CLANG_WARN_DEPRECATED_OBJC_IMPLEMENTATIONS = YES;
				CLANG_WARN_DIRECT_OBJC_ISA_USAGE = YES_ERROR;
				CLANG_WARN_DOCUMENTATION_COMMENTS = YES;
				CLANG_WARN_EMPTY_BODY = YES;
				CLANG_WARN_ENUM_CONVERSION = YES;
				CLANG_WARN_INFINITE_RECURSION = YES;
				CLANG_WARN_INT_CONVERSION = YES;
				CLANG_WARN_NON_LITERAL_NULL_CONVERSION = YES;
				CLANG_WARN_OBJC_IMPLICIT_RETAIN_SELF = YES;
				CLANG_WARN_OBJC_LITERAL_CONVERSION = YES;
				CLANG_WARN_OBJC_ROOT_CLASS = YES_ERROR;
				CLANG_WARN_QUOTED_INCLUDE_IN_FRAMEWORK_HEADER = YES;
				CLANG_WARN_RANGE_LOOP_ANALYSIS = YES;
				CLANG_WARN_STRICT_PROTOTYPES = YES;
				CLANG_WARN_SUSPICIOUS_MOVE = YES;
				CLANG_WARN_UNGUARDED_AVAILABILITY = YES_AGGRESSIVE;
				CLANG_WARN_UNREACHABLE_CODE = YES;
				CLANG_WARN__DUPLICATE_METHOD_MATCH = YES;
				COPY_PHASE_STRIP = NO;
				DEBUG_INFORMATION_FORMAT = dwarf;
				ENABLE_STRICT_OBJC_MSGSEND = YES;
				ENABLE_TESTABILITY = YES;
				GCC_C_LANGUAGE_STANDARD = gnu11;
				GCC_DYNAMIC_NO_PIC = NO;
				GCC_NO_COMMON_BLOCKS = YES;
				GCC_OPTIMIZATION_LEVEL = 0;
				GCC_PREPROCESSOR_DEFINITIONS = (
					"DEBUG=1",
					"$(inherited)",
				);
				GCC_WARN_64_TO_32_BIT_CONVERSION = YES;
				GCC_WARN_ABOUT_RETURN_TYPE = YES_ERROR;
				GCC_WARN_UNDECLARED_SELECTOR = YES;
				GCC_WARN_UNINITIALIZED_AUTOS = YES_AGGRESSIVE;
				GCC_WARN_UNUSED_FUNCTION = YES;
				GCC_WARN_UNUSED_VARIABLE = YES;
				IPHONEOS_DEPLOYMENT_TARGET = 15.5;
				MTL_ENABLE_DEBUG_INFO = INCLUDE_SOURCE;
				MTL_FAST_MATH = YES;
				ONLY_ACTIVE_ARCH = YES;
				SDKROOT = iphoneos;
				SWIFT_ACTIVE_COMPILATION_CONDITIONS = DEBUG;
				SWIFT_OPTIMIZATION_LEVEL = "-Onone";
			};
			name = Debug;
		};
		CE8747212CC078A70063063E /* Release */ = {
			isa = XCBuildConfiguration;
			buildSettings = {
				ALWAYS_SEARCH_USER_PATHS = NO;
				CLANG_ANALYZER_NONNULL = YES;
				CLANG_ANALYZER_NUMBER_OBJECT_CONVERSION = YES_AGGRESSIVE;
				CLANG_CXX_LANGUAGE_STANDARD = "gnu++17";
				CLANG_ENABLE_MODULES = YES;
				CLANG_ENABLE_OBJC_ARC = YES;
				CLANG_ENABLE_OBJC_WEAK = YES;
				CLANG_WARN_BLOCK_CAPTURE_AUTORELEASING = YES;
				CLANG_WARN_BOOL_CONVERSION = YES;
				CLANG_WARN_COMMA = YES;
				CLANG_WARN_CONSTANT_CONVERSION = YES;
				CLANG_WARN_DEPRECATED_OBJC_IMPLEMENTATIONS = YES;
				CLANG_WARN_DIRECT_OBJC_ISA_USAGE = YES_ERROR;
				CLANG_WARN_DOCUMENTATION_COMMENTS = YES;
				CLANG_WARN_EMPTY_BODY = YES;
				CLANG_WARN_ENUM_CONVERSION = YES;
				CLANG_WARN_INFINITE_RECURSION = YES;
				CLANG_WARN_INT_CONVERSION = YES;
				CLANG_WARN_NON_LITERAL_NULL_CONVERSION = YES;
				CLANG_WARN_OBJC_IMPLICIT_RETAIN_SELF = YES;
				CLANG_WARN_OBJC_LITERAL_CONVERSION = YES;
				CLANG_WARN_OBJC_ROOT_CLASS = YES_ERROR;
				CLANG_WARN_QUOTED_INCLUDE_IN_FRAMEWORK_HEADER = YES;
				CLANG_WARN_RANGE_LOOP_ANALYSIS = YES;
				CLANG_WARN_STRICT_PROTOTYPES = YES;
				CLANG_WARN_SUSPICIOUS_MOVE = YES;
				CLANG_WARN_UNGUARDED_AVAILABILITY = YES_AGGRESSIVE;
				CLANG_WARN_UNREACHABLE_CODE = YES;
				CLANG_WARN__DUPLICATE_METHOD_MATCH = YES;
				COPY_PHASE_STRIP = NO;
				DEBUG_INFORMATION_FORMAT = "dwarf-with-dsym";
				ENABLE_NS_ASSERTIONS = NO;
				ENABLE_STRICT_OBJC_MSGSEND = YES;
				GCC_C_LANGUAGE_STANDARD = gnu11;
				GCC_NO_COMMON_BLOCKS = YES;
				GCC_WARN_64_TO_32_BIT_CONVERSION = YES;
				GCC_WARN_ABOUT_RETURN_TYPE = YES_ERROR;
				GCC_WARN_UNDECLARED_SELECTOR = YES;
				GCC_WARN_UNINITIALIZED_AUTOS = YES_AGGRESSIVE;
				GCC_WARN_UNUSED_FUNCTION = YES;
				GCC_WARN_UNUSED_VARIABLE = YES;
				IPHONEOS_DEPLOYMENT_TARGET = 15.5;
				MTL_ENABLE_DEBUG_INFO = NO;
				MTL_FAST_MATH = YES;
				SDKROOT = iphoneos;
				SWIFT_COMPILATION_MODE = wholemodule;
				SWIFT_OPTIMIZATION_LEVEL = "-O";
				VALIDATE_PRODUCT = YES;
			};
			name = Release;
		};
		CE8747232CC078A70063063E /* Debug */ = {
			isa = XCBuildConfiguration;
			buildSettings = {
				ASSETCATALOG_COMPILER_APPICON_NAME = AppIcon;
				ASSETCATALOG_COMPILER_GLOBAL_ACCENT_COLOR_NAME = AccentColor;
				CODE_SIGN_STYLE = Automatic;
				CURRENT_PROJECT_VERSION = 1;
				GENERATE_INFOPLIST_FILE = YES;
				INFOPLIST_FILE = LupoSnapchat/Info.plist;
				INFOPLIST_KEY_UIApplicationSupportsIndirectInputEvents = YES;
				INFOPLIST_KEY_UILaunchStoryboardName = LaunchScreen;
				INFOPLIST_KEY_UIMainStoryboardFile = Main;
				INFOPLIST_KEY_UISupportedInterfaceOrientations_iPad = "UIInterfaceOrientationPortrait UIInterfaceOrientationPortraitUpsideDown UIInterfaceOrientationLandscapeLeft UIInterfaceOrientationLandscapeRight";
				INFOPLIST_KEY_UISupportedInterfaceOrientations_iPhone = "UIInterfaceOrientationPortrait UIInterfaceOrientationLandscapeLeft UIInterfaceOrientationLandscapeRight";
				LD_RUNPATH_SEARCH_PATHS = (
					"$(inherited)",
					"@executable_path/Frameworks",
				);
				MARKETING_VERSION = 1.0;
				PRODUCT_BUNDLE_IDENTIFIER = com.miempresa.LupoSnapchat;
				PRODUCT_NAME = "$(TARGET_NAME)";
				SWIFT_EMIT_LOC_STRINGS = YES;
				SWIFT_VERSION = 5.0;
				TARGETED_DEVICE_FAMILY = "1,2";
			};
			name = Debug;
		};
		CE8747242CC078A70063063E /* Release */ = {
			isa = XCBuildConfiguration;
			buildSettings = {
				ASSETCATALOG_COMPILER_APPICON_NAME = AppIcon;
				ASSETCATALOG_COMPILER_GLOBAL_ACCENT_COLOR_NAME = AccentColor;
				CODE_SIGN_STYLE = Automatic;
				CURRENT_PROJECT_VERSION = 1;
				GENERATE_INFOPLIST_FILE = YES;
				INFOPLIST_FILE = LupoSnapchat/Info.plist;
				INFOPLIST_KEY_UIApplicationSupportsIndirectInputEvents = YES;
				INFOPLIST_KEY_UILaunchStoryboardName = LaunchScreen;
				INFOPLIST_KEY_UIMainStoryboardFile = Main;
				INFOPLIST_KEY_UISupportedInterfaceOrientations_iPad = "UIInterfaceOrientationPortrait UIInterfaceOrientationPortraitUpsideDown UIInterfaceOrientationLandscapeLeft UIInterfaceOrientationLandscapeRight";
				INFOPLIST_KEY_UISupportedInterfaceOrientations_iPhone = "UIInterfaceOrientationPortrait UIInterfaceOrientationLandscapeLeft UIInterfaceOrientationLandscapeRight";
				LD_RUNPATH_SEARCH_PATHS = (
					"$(inherited)",
					"@executable_path/Frameworks",
				);
				MARKETING_VERSION = 1.0;
				PRODUCT_BUNDLE_IDENTIFIER = com.miempresa.LupoSnapchat;
				PRODUCT_NAME = "$(TARGET_NAME)";
				SWIFT_EMIT_LOC_STRINGS = YES;
				SWIFT_VERSION = 5.0;
				TARGETED_DEVICE_FAMILY = "1,2";
			};
			name = Release;
		};
/* End XCBuildConfiguration section */

/* Begin XCConfigurationList section */
		CE8747062CC078A40063063E /* Build configuration list for PBXProject "LupoSnapchat" */ = {
			isa = XCConfigurationList;
			buildConfigurations = (
				CE8747202CC078A70063063E /* Debug */,
				CE8747212CC078A70063063E /* Release */,
			);
			defaultConfigurationIsVisible = 0;
			defaultConfigurationName = Release;
		};
		CE8747222CC078A70063063E /* Build configuration list for PBXNativeTarget "LupoSnapchat" */ = {
			isa = XCConfigurationList;
			buildConfigurations = (
				CE8747232CC078A70063063E /* Debug */,
				CE8747242CC078A70063063E /* Release */,
			);
			defaultConfigurationIsVisible = 0;
			defaultConfigurationName = Release;
		};
/* End XCConfigurationList section */

/* Begin XCRemoteSwiftPackageReference section */
		CE8747272CC07FE70063063E /* XCRemoteSwiftPackageReference "firebase-ios-sdk" */ = {
			isa = XCRemoteSwiftPackageReference;
			repositoryURL = "https://github.com/firebase/firebase-ios-sdk";
			requirement = {
				kind = versionRange;
				maximumVersion = 10.0.0;
				minimumVersion = 9.0.0;
			};
		};
		CE8747322CC08D6B0063063E /* XCRemoteSwiftPackageReference "GoogleSignIn-iOS" */ = {
			isa = XCRemoteSwiftPackageReference;
			repositoryURL = "https://github.com/google/GoogleSignIn-iOS";
			requirement = {
				kind = versionRange;
				maximumVersion = 9.0.0;
				minimumVersion = 7.0.0;
			};
		};
/* End XCRemoteSwiftPackageReference section */

/* Begin XCSwiftPackageProductDependency section */
		CE8747282CC07FE70063063E /* FirebaseAnalytics */ = {
			isa = XCSwiftPackageProductDependency;
			package = CE8747272CC07FE70063063E /* XCRemoteSwiftPackageReference "firebase-ios-sdk" */;
			productName = FirebaseAnalytics;
		};
		CE87472A2CC07FE70063063E /* FirebaseAnalyticsWithoutAdIdSupport */ = {
			isa = XCSwiftPackageProductDependency;
			package = CE8747272CC07FE70063063E /* XCRemoteSwiftPackageReference "firebase-ios-sdk" */;
			productName = FirebaseAnalyticsWithoutAdIdSupport;
		};
		CE87472C2CC07FE70063063E /* FirebaseAuth */ = {
			isa = XCSwiftPackageProductDependency;
			package = CE8747272CC07FE70063063E /* XCRemoteSwiftPackageReference "firebase-ios-sdk" */;
			productName = FirebaseAuth;
		};
		CE87472E2CC07FE70063063E /* FirebaseDatabase */ = {
			isa = XCSwiftPackageProductDependency;
			package = CE8747272CC07FE70063063E /* XCRemoteSwiftPackageReference "firebase-ios-sdk" */;
			productName = FirebaseDatabase;
		};
		CE8747302CC07FE70063063E /* FirebaseStorage */ = {
			isa = XCSwiftPackageProductDependency;
			package = CE8747272CC07FE70063063E /* XCRemoteSwiftPackageReference "firebase-ios-sdk" */;
			productName = FirebaseStorage;
		};
		CE8747332CC08D6C0063063E /* GoogleSignIn */ = {
			isa = XCSwiftPackageProductDependency;
			package = CE8747322CC08D6B0063063E /* XCRemoteSwiftPackageReference "GoogleSignIn-iOS" */;
			productName = GoogleSignIn;
		};
		CE8747352CC08D6C0063063E /* GoogleSignInSwift */ = {
			isa = XCSwiftPackageProductDependency;
			package = CE8747322CC08D6B0063063E /* XCRemoteSwiftPackageReference "GoogleSignIn-iOS" */;
			productName = GoogleSignInSwift;
		};
/* End XCSwiftPackageProductDependency section */

/* Begin XCVersionGroup section */
		CE8747172CC078A50063063E /* LupoSnapchat.xcdatamodeld */ = {
			isa = XCVersionGroup;
			children = (
				CE8747182CC078A50063063E /* LupoSnapchat.xcdatamodel */,
			);
			currentVersion = CE8747182CC078A50063063E /* LupoSnapchat.xcdatamodel */;
			path = LupoSnapchat.xcdatamodeld;
			sourceTree = "<group>";
			versionGroupType = wrapper.xcdatamodel;
		};
/* End XCVersionGroup section */
	};
	rootObject = CE8747032CC078A40063063E /* Project object */;
}
